
Microsoft Visual Studio Solution File, Format Version 12.00
# Visual Studio Version 17
VisualStudioVersion = 17.1.32407.343
MinimumVisualStudioVersion = 10.0.40219.1
Project("{9A19103F-16F7-4668-BE54-9A1E7A4F7556}") = "MergeIni", "MergeIni\MergeIni.csproj", "{62665589-F020-4276-875F-9921E16A493A}"
EndProject
Project("{FAE04EC0-301F-11D3-BF4B-00C04F79EFBC}") = "MergeIni.Tests", "MergeIni.Tests\MergeIni.Tests.csproj", "{1EF25AD6-FBC5-4726-B40F-462282739F0C}"
EndProject
Global
	GlobalSection(SolutionConfigurationPlatforms) = preSolution
		Debug|Any CPU = Debug|Any CPU
		Release|Any CPU = Release|Any CPU
	EndGlobalSection
	GlobalSection(ProjectConfigurationPlatforms) = postSolution
		{62665589-F020-4276-875F-9921E16A493A}.Debug|Any CPU.ActiveCfg = Debug|Any CPU
		{62665589-F020-4276-875F-9921E16A493A}.Debug|Any CPU.Build.0 = Debug|Any CPU
		{62665589-F020-4276-875F-9921E16A493A}.Release|Any CPU.ActiveCfg = Release|Any CPU
		{62665589-F020-4276-875F-9921E16A493A}.Release|Any CPU.Build.0 = Release|Any CPU
		{1EF25AD6-FBC5-4726-B40F-462282739F0C}.Debug|Any CPU.ActiveCfg = Debug|Any CPU
		{1EF25AD6-FBC5-4726-B40F-462282739F0C}.Debug|Any CPU.Build.0 = Debug|Any CPU
		{1EF25AD6-FBC5-4726-B40F-462282739F0C}.Release|Any CPU.ActiveCfg = Release|Any CPU
		{1EF25AD6-FBC5-4726-B40F-462282739F0C}.Release|Any CPU.Build.0 = Release|Any CPU
	EndGlobalSection
	GlobalSection(SolutionProperties) = preSolution
		HideSolutionNode = FALSE
	EndGlobalSection
	GlobalSection(ExtensibilityGlobals) = postSolution
		SolutionGuid = {FE8EAAE9-D255-43A4-A708-F8FBA69D5A14}
	EndGlobalSection
EndGlobal
